<?xml version="1.0" encoding="utf-8"?>
<Project ToolsVersion="4.0" xmlns="http://schemas.microsoft.com/developer/msbuild/2003">
  <ItemGroup>
    <Filter Include="Source Files">
      <UniqueIdentifier>{4FC737F1-C7A5-4376-A066-2A32D752A2FF}</UniqueIdentifier>
      <Extensions>cpp;c;cc;cxx;c++;cppm;ixx;def;odl;idl;hpj;bat;asm;asmx</Extensions>
    </Filter>
    <Filter Include="Header Files">
      <UniqueIdentifier>{93995380-89BD-4b04-88EB-625FBE52EBFB}</UniqueIdentifier>
      <Extensions>h;hh;hpp;hxx;h++;hm;inl;inc;ipp;xsd</Extensions>
    </Filter>
    <Filter Include="Resource Files">
      <UniqueIdentifier>{67DA6AB6-F800-4c08-8B7A-83BB121AAD01}</UniqueIdentifier>
      <Extensions>rc;ico;cur;bmp;dlg;rc2;rct;bin;rgs;gif;jpg;jpeg;jpe;resx;tiff;tif;png;wav;mfcribbon-ms</Extensions>
    </Filter>
    <Filter Include="Source Files\internal">
      <UniqueIdentifier>{6f8fd152-3fbf-4d8c-9474-710b6db82811}</UniqueIdentifier>
    </Filter>
    <Filter Include="Source Files\tcp">
      <UniqueIdentifier>{716bba9e-dfae-4225-9c57-0d2e2b48c9cd}</UniqueIdentifier>
    </Filter>
    <Filter Include="Source Files\udp">
      <UniqueIdentifier>{aa8f648e-d2ad-4172-baa1-634c1c01042a}</UniqueIdentifier>
    </Filter>
    <Filter Include="Source Files\protocol">
      <UniqueIdentifier>{3a3e41e6-beb6-4eda-99ef-79d57b2df584}</UniqueIdentifier>
    </Filter>
  </ItemGroup>
  <ItemGroup>
    <ClInclude Include="internal\llnetinternallib.hpp">
      <Filter>Source Files\internal</Filter>
    </ClInclude>
    <ClInclude Include="internal\llnetlib.hpp">
      <Filter>Source Files\internal</Filter>
    </ClInclude>
    <ClInclude Include="internal\Socket.hpp">
      <Filter>Source Files\internal</Filter>
    </ClInclude>
    <ClInclude Include="internal\WSAController.hpp">
      <Filter>Source Files\internal</Filter>
    </ClInclude>
    <ClInclude Include="tcp\TCPSocketBase.hpp">
      <Filter>Source Files\tcp</Filter>
    </ClInclude>
    <ClInclude Include="tcp\TCPSocket.hpp">
      <Filter>Source Files\tcp</Filter>
    </ClInclude>
    <ClInclude Include="udp\UDPSocketBase.hpp">
      <Filter>Source Files\udp</Filter>
    </ClInclude>
  </ItemGroup>
  <ItemGroup>
    <ClCompile Include="internal\Socket.cpp">
      <Filter>Source Files\internal</Filter>
    </ClCompile>
    <ClCompile Include="internal\WSAController.cpp">
      <Filter>Source Files\internal</Filter>
    </ClCompile>
    <ClCompile Include="tcp\TCPSocket.cpp">
      <Filter>Source Files\tcp</Filter>
    </ClCompile>
    <ClCompile Include="tcp\TCPSocketBase.cpp">
      <Filter>Source Files\tcp</Filter>
    </ClCompile>
    <ClCompile Include="udp\UDPSocketBase.cpp">
      <Filter>Source Files\udp</Filter>
    </ClCompile>
  </ItemGroup>
</Project>